[tools.awscli]
version = "2.27.44"
backend = "aqua:aws/aws-cli"

[tools.awscli.checksums]
"awscli-exe-linux-x86_64-2.27.44.zip" = "sha256:58555ff3190b54a5d16b3afae8945c706ab4e2b2e3d7e4b8f8c2b1713402c208"

[tools.go]
version = "1.22.3"
backend = "core:go"

[tools.just]
version = "1.40.0"
backend = "ubi:casey/just"

[tools.just.checksums]
just-linux-x86_64 = "sha256:3fae4508b25e85bec16c2985bb76f731d35b103434c5bf264af0fa2ab07e889a"

[tools.k9s]
version = "0.50.6"
backend = "aqua:derailed/k9s"

[tools.k9s.checksums]
"k9s_Linux_amd64.tar.gz" = "sha256:5fc98f2dcf1d8fac6251f5a1ae1dc6fe7fe2b2d43b13bb3039e51ad492e2a70e"

[tools.krew]
version = "0.4.5"
backend = "aqua:kubernetes-sigs/krew"

[tools.krew.checksums]
"krew-linux_amd64.tar.gz" = "sha256:bacc06800bda14ec063cd0b6f377a961fdf4661c00366bf9834723cd28bfabc7"

[tools.kustomize]
version = "5.6.0"
backend = "aqua:kubernetes-sigs/kustomize"

[tools.kustomize.checksums]
"kustomize_v5.6.0_linux_amd64.tar.gz" = "sha256:54e4031ddc4e7fc59e408da29e7c646e8e57b8088c51b84b3df0864f47b5148f"

[tools.stern]
version = "1.32.0"
backend = "aqua:stern/stern"
