[tools.awscli]
version = "2.28.1"
backend = "aqua:aws/aws-cli"

[tools.awscli.platforms.linux-x64]
checksum = "blake3:b94a12e68c5c7f1883ed560650e1145efed3dff230f630bb830f941ee5bc173b"
size = 66716345
url = "https://awscli.amazonaws.com/awscli-exe-linux-x86_64-2.28.1.zip"

[tools.go]
version = "1.24.5"
backend = "core:go"

[tools.go.platforms.linux-x64]
checksum = "sha256:10ad9e86233e74c0f6590fe5426895de6bf388964210eac34a6d83f38918ecdc"
size = 78563580
url = "https://dl.google.com/go/go1.24.5.linux-amd64.tar.gz"

[tools.just]
version = "1.42.4"
backend = "ubi:casey/just"

[tools.just.platforms.linux-x64-just]
checksum = "blake3:69c416d173147901949f0dce7cde9371f70492b5dec1f6cfc0972cdb9e5b9f45"

[tools.k9s]
version = "0.50.9"
backend = "aqua:derailed/k9s"

[tools.k9s.platforms.linux-x64]
checksum = "sha256:5e625efa26c3e14256cf29d242179b32129183b549937ec62d0ad9be1bfe2ca4"
size = 38113817
url = "https://github.com/derailed/k9s/releases/download/v0.50.9/k9s_Linux_amd64.tar.gz"

[tools.krew]
version = "0.4.5"
backend = "aqua:kubernetes-sigs/krew"

[tools.krew.platforms.linux-x64]
checksum = "sha256:bacc06800bda14ec063cd0b6f377a961fdf4661c00366bf9834723cd28bfabc7"
size = 5054827
url = "https://github.com/kubernetes-sigs/krew/releases/download/v0.4.5/krew-linux_amd64.tar.gz"

[tools.kubectl]
version = "1.33.3"
backend = "aqua:kubernetes/kubectl"

[tools.kubectl.platforms.linux-x64]
checksum = "sha256:2fcf65c64f352742dc253a25a7c95617c2aba79843d1b74e585c69fe4884afb0"
size = 60129464
url = "https://dl.k8s.io/v1.33.3/bin/linux/amd64/kubectl"

[tools.kustomize]
version = "5.7.1"
backend = "aqua:kubernetes-sigs/kustomize"

[tools.kustomize.platforms.linux-x64]
checksum = "blake3:6561c489d9e5cb816d82b4593836fafb43edba88ab2f7ed397046f53d1c6322a"
size = 5805549
url = "https://github.com/kubernetes-sigs/kustomize/releases/download/kustomize/v5.7.1/kustomize_v5.7.1_linux_amd64.tar.gz"

[tools.stern]
version = "1.32.0"
backend = "aqua:stern/stern"

[tools.stern.platforms.linux-x64]
checksum = "sha256:4733268b0e7fea48426c594d186be8cbcdb863858e08910451ebe3b1c8286f44"
size = 13750310
url = "https://github.com/stern/stern/releases/download/v1.32.0/stern_1.32.0_linux_amd64.tar.gz"
